
Microsoft Visual Studio Solution File, Format Version 12.00
# Visual Studio Version 17
VisualStudioVersion = 17.8.34525.116
MinimumVisualStudioVersion = 10.0.40219.1
Project("{9A19103F-16F7-4668-BE54-9A1E7A4F7556}") = "Form_Function_App", "Form_Function_App.csproj", "{D7145FDB-F024-47FD-9BC0-DD83638DA283}"
EndProject
Global
	GlobalSection(SolutionConfigurationPlatforms) = preSolution
		Debug|Any CPU = Debug|Any CPU
		Release|Any CPU = Release|Any CPU
	EndGlobalSection
	GlobalSection(ProjectConfigurationPlatforms) = postSolution
		{D7145FDB-F024-47FD-9BC0-DD83638DA283}.Debug|Any CPU.ActiveCfg = Debug|Any CPU
		{D7145FDB-F024-47FD-9BC0-DD83638DA283}.Debug|Any CPU.Build.0 = Debug|Any CPU
		{D7145FDB-F024-47FD-9BC0-DD83638DA283}.Release|Any CPU.ActiveCfg = Release|Any CPU
		{D7145FDB-F024-47FD-9BC0-DD83638DA283}.Release|Any CPU.Build.0 = Release|Any CPU
	EndGlobalSection
	GlobalSection(SolutionProperties) = preSolution
		HideSolutionNode = FALSE
	EndGlobalSection
	GlobalSection(ExtensibilityGlobals) = postSolution
		SolutionGuid = {1FDC6670-E4B8-400A-A9E2-DACFACBA6EC9}
	EndGlobalSection
EndGlobal
